
Microsoft Visual Studio Solution File, Format Version 12.00
# Visual Studio 15
VisualStudioVersion = 15.0.27130.2027
MinimumVisualStudioVersion = 10.0.40219.1
Project("{FAE04EC0-301F-11D3-BF4B-00C04F79EFBC}") = "SodaPop.RazorPagesSitemap", "SodaPop.RazorPagesSitemap\SodaPop.RazorPagesSitemap.csproj", "{A604562F-74B1-4A2A-9A62-90A9FD5CC582}"
EndProject
Global
	GlobalSection(SolutionConfigurationPlatforms) = preSolution
		Debug|Any CPU = Debug|Any CPU
		Release|Any CPU = Release|Any CPU
	EndGlobalSection
	GlobalSection(ProjectConfigurationPlatforms) = postSolution
		{A604562F-74B1-4A2A-9A62-90A9FD5CC582}.Debug|Any CPU.ActiveCfg = Debug|Any CPU
		{A604562F-74B1-4A2A-9A62-90A9FD5CC582}.Debug|Any CPU.Build.0 = Debug|Any CPU
		{A604562F-74B1-4A2A-9A62-90A9FD5CC582}.Release|Any CPU.ActiveCfg = Release|Any CPU
		{A604562F-74B1-4A2A-9A62-90A9FD5CC582}.Release|Any CPU.Build.0 = Release|Any CPU
	EndGlobalSection
	GlobalSection(SolutionProperties) = preSolution
		HideSolutionNode = FALSE
	EndGlobalSection
	GlobalSection(ExtensibilityGlobals) = postSolution
		SolutionGuid = {14B7902F-BDCB-42E8-BE0F-09EE7D9DE0E9}
	EndGlobalSection
EndGlobal
